// !$*UTF8*$!
{
	archiveVersion = 1;
	classes = {
	};
	objectVersion = 56;
	objects = {

/* Begin PBXBuildFile section */
		6D4724982CA685CC00D4B8EA /* LaunchViewModel.swift in Sources */ = {isa = PBXBuildFile; fileRef = 6D4724972CA685CC00D4B8EA /* LaunchViewModel.swift */; };
		6D47249C2CA6868D00D4B8EA /* AnimationPlayable.swift in Sources */ = {isa = PBXBuildFile; fileRef = 6D47249B2CA6868D00D4B8EA /* AnimationPlayable.swift */; };
		6D47249E2CA686E100D4B8EA /* LottieAnimation.swift in Sources */ = {isa = PBXBuildFile; fileRef = 6D47249D2CA686E100D4B8EA /* LottieAnimation.swift */; };
		6D4724A02CA6870A00D4B8EA /* LottieView.swift in Sources */ = {isa = PBXBuildFile; fileRef = 6D47249F2CA6870A00D4B8EA /* LottieView.swift */; };
		6D4724A32CA6876F00D4B8EA /* LaunchViewPreviews.swift in Sources */ = {isa = PBXBuildFile; fileRef = 6D4724A22CA6876F00D4B8EA /* LaunchViewPreviews.swift */; };
		6D4724AD2CA6900100D4B8EA /* MenuContentView.swift in Sources */ = {isa = PBXBuildFile; fileRef = 6D4724AC2CA6900100D4B8EA /* MenuContentView.swift */; };
		6D4724B12CA6909100D4B8EA /* KeychainHelper.swift in Sources */ = {isa = PBXBuildFile; fileRef = 6D4724B02CA6909100D4B8EA /* KeychainHelper.swift */; };
		6D4724B32CA690B700D4B8EA /* LoginRouter.swift in Sources */ = {isa = PBXBuildFile; fileRef = 6D4724B22CA690B700D4B8EA /* LoginRouter.swift */; };
		6D4724B52CA690D800D4B8EA /* LoginEntity.swift in Sources */ = {isa = PBXBuildFile; fileRef = 6D4724B42CA690D800D4B8EA /* LoginEntity.swift */; };
		6D4724B92CA6916900D4B8EA /* LoginPresenter.swift in Sources */ = {isa = PBXBuildFile; fileRef = 6D4724B82CA6916900D4B8EA /* LoginPresenter.swift */; };
		6D4724BB2CA6918F00D4B8EA /* LoginInteractor.swift in Sources */ = {isa = PBXBuildFile; fileRef = 6D4724BA2CA6918F00D4B8EA /* LoginInteractor.swift */; };
		6D52A01D2CA13A840022BBFB /* RxBlocking in Frameworks */ = {isa = PBXBuildFile; productRef = 6D52A01C2CA13A840022BBFB /* RxBlocking */; };
		6D52A01F2CA13A840022BBFB /* RxBlocking-Dynamic in Frameworks */ = {isa = PBXBuildFile; productRef = 6D52A01E2CA13A840022BBFB /* RxBlocking-Dynamic */; };
		6D52A0212CA13A840022BBFB /* RxCocoa in Frameworks */ = {isa = PBXBuildFile; productRef = 6D52A0202CA13A840022BBFB /* RxCocoa */; };
		6D52A0232CA13A840022BBFB /* RxCocoa-Dynamic in Frameworks */ = {isa = PBXBuildFile; productRef = 6D52A0222CA13A840022BBFB /* RxCocoa-Dynamic */; };
		6D52A0252CA13A840022BBFB /* RxRelay in Frameworks */ = {isa = PBXBuildFile; productRef = 6D52A0242CA13A840022BBFB /* RxRelay */; };
		6D52A0272CA13A840022BBFB /* RxRelay-Dynamic in Frameworks */ = {isa = PBXBuildFile; productRef = 6D52A0262CA13A840022BBFB /* RxRelay-Dynamic */; };
		6D52A0292CA13A840022BBFB /* RxSwift in Frameworks */ = {isa = PBXBuildFile; productRef = 6D52A0282CA13A840022BBFB /* RxSwift */; };
		6D52A02B2CA13A840022BBFB /* RxSwift-Dynamic in Frameworks */ = {isa = PBXBuildFile; productRef = 6D52A02A2CA13A840022BBFB /* RxSwift-Dynamic */; };
		6D52A02D2CA13A840022BBFB /* RxTest in Frameworks */ = {isa = PBXBuildFile; productRef = 6D52A02C2CA13A840022BBFB /* RxTest */; };
		6D52A02F2CA13A840022BBFB /* RxTest-Dynamic in Frameworks */ = {isa = PBXBuildFile; productRef = 6D52A02E2CA13A840022BBFB /* RxTest-Dynamic */; };
		6D5E6E2C2CA11FF40016877B /* Alamofire in Frameworks */ = {isa = PBXBuildFile; productRef = 6D5E6E2B2CA11FF40016877B /* Alamofire */; };
		6D5E6E2F2CA120B50016877B /* SwiftyJSON in Frameworks */ = {isa = PBXBuildFile; productRef = 6D5E6E2E2CA120B50016877B /* SwiftyJSON */; };
		6D5E6E322CA121D60016877B /* Kingfisher in Frameworks */ = {isa = PBXBuildFile; productRef = 6D5E6E312CA121D60016877B /* Kingfisher */; };
		6D5E6E352CA12BC10016877B /* Lottie in Frameworks */ = {isa = PBXBuildFile; productRef = 6D5E6E342CA12BC10016877B /* Lottie */; };
		6D5E6E382CA12DAE0016877B /* Realm in Frameworks */ = {isa = PBXBuildFile; productRef = 6D5E6E372CA12DAE0016877B /* Realm */; };
		6D5E6E3A2CA12DAE0016877B /* RealmSwift in Frameworks */ = {isa = PBXBuildFile; productRef = 6D5E6E392CA12DAE0016877B /* RealmSwift */; };
		6D6C37CA2C9FEB1800490B37 /* FinTrackProApp.swift in Sources */ = {isa = PBXBuildFile; fileRef = 6D6C37C92C9FEB1800490B37 /* FinTrackProApp.swift */; };
		6D6C37CC2C9FEB1800490B37 /* ContentView.swift in Sources */ = {isa = PBXBuildFile; fileRef = 6D6C37CB2C9FEB1800490B37 /* ContentView.swift */; };
		6D6C37CE2C9FEB1800490B37 /* Item.swift in Sources */ = {isa = PBXBuildFile; fileRef = 6D6C37CD2C9FEB1800490B37 /* Item.swift */; };
		6D6C37D02C9FEB1A00490B37 /* Assets.xcassets in Resources */ = {isa = PBXBuildFile; fileRef = 6D6C37CF2C9FEB1A00490B37 /* Assets.xcassets */; };
		6D6C37D32C9FEB1A00490B37 /* Preview Assets.xcassets in Resources */ = {isa = PBXBuildFile; fileRef = 6D6C37D22C9FEB1A00490B37 /* Preview Assets.xcassets */; };
		6D6C37DD2C9FEB1A00490B37 /* FinTrackProTests.swift in Sources */ = {isa = PBXBuildFile; fileRef = 6D6C37DC2C9FEB1A00490B37 /* FinTrackProTests.swift */; };
		6D6C37E72C9FEB1A00490B37 /* FinTrackProUITests.swift in Sources */ = {isa = PBXBuildFile; fileRef = 6D6C37E62C9FEB1A00490B37 /* FinTrackProUITests.swift */; };
		6D6C37E92C9FEB1A00490B37 /* FinTrackProUITestsLaunchTests.swift in Sources */ = {isa = PBXBuildFile; fileRef = 6D6C37E82C9FEB1A00490B37 /* FinTrackProUITestsLaunchTests.swift */; };
		6D809CE62CA3C59F00071AA4 /* SwiftFormat in Frameworks */ = {isa = PBXBuildFile; productRef = 6D809CE52CA3C59F00071AA4 /* SwiftFormat */; };
		6D809CE82CA3C59F00071AA4 /* swift-format in Frameworks */ = {isa = PBXBuildFile; productRef = 6D809CE72CA3C59F00071AA4 /* swift-format */; };
		6DE9B5BB2CA4C6EE00BD39E1 /* FirebaseAnalytics in Frameworks */ = {isa = PBXBuildFile; productRef = 6DE9B5BA2CA4C6EE00BD39E1 /* FirebaseAnalytics */; };
		6DE9B5BD2CA4C6EE00BD39E1 /* FirebaseAnalyticsOnDeviceConversion in Frameworks */ = {isa = PBXBuildFile; productRef = 6DE9B5BC2CA4C6EE00BD39E1 /* FirebaseAnalyticsOnDeviceConversion */; };
		6DE9B5BF2CA4C6EE00BD39E1 /* FirebaseAuth in Frameworks */ = {isa = PBXBuildFile; productRef = 6DE9B5BE2CA4C6EE00BD39E1 /* FirebaseAuth */; };
		6DE9B5C12CA4C6EE00BD39E1 /* FirebaseAuthCombine-Community in Frameworks */ = {isa = PBXBuildFile; productRef = 6DE9B5C02CA4C6EE00BD39E1 /* FirebaseAuthCombine-Community */; };
		6DE9B5C32CA4C6EE00BD39E1 /* FirebaseCrashlytics in Frameworks */ = {isa = PBXBuildFile; productRef = 6DE9B5C22CA4C6EE00BD39E1 /* FirebaseCrashlytics */; };
		6DE9B5C52CA4E12B00BD39E1 /* LaunchView.swift in Sources */ = {isa = PBXBuildFile; fileRef = 6DE9B5C42CA4E12B00BD39E1 /* LaunchView.swift */; };
		6DE9B5C72CA4E25800BD39E1 /* LoginView.swift in Sources */ = {isa = PBXBuildFile; fileRef = 6DE9B5C62CA4E25800BD39E1 /* LoginView.swift */; };
		6DE9B5CA2CA4E7E100BD39E1 /* LaunchView.json in Resources */ = {isa = PBXBuildFile; fileRef = 6DE9B5C92CA4E7E100BD39E1 /* LaunchView.json */; };
		6DE9B5CC2CA4EA2F00BD39E1 /* Loader.json in Resources */ = {isa = PBXBuildFile; fileRef = 6DE9B5CB2CA4EA2F00BD39E1 /* Loader.json */; };
/* End PBXBuildFile section */

/* Begin PBXContainerItemProxy section */
		6D6C37D92C9FEB1A00490B37 /* PBXContainerItemProxy */ = {
			isa = PBXContainerItemProxy;
			containerPortal = 6D6C37BE2C9FEB1800490B37 /* Project object */;
			proxyType = 1;
			remoteGlobalIDString = 6D6C37C52C9FEB1800490B37;
			remoteInfo = FinTrackPro;
		};
		6D6C37E32C9FEB1A00490B37 /* PBXContainerItemProxy */ = {
			isa = PBXContainerItemProxy;
			containerPortal = 6D6C37BE2C9FEB1800490B37 /* Project object */;
			proxyType = 1;
			remoteGlobalIDString = 6D6C37C52C9FEB1800490B37;
			remoteInfo = FinTrackPro;
		};
/* End PBXContainerItemProxy section */

/* Begin PBXFileReference section */
		6D4724972CA685CC00D4B8EA /* LaunchViewModel.swift */ = {isa = PBXFileReference; lastKnownFileType = sourcecode.swift; path = LaunchViewModel.swift; sourceTree = "<group>"; };
		6D47249B2CA6868D00D4B8EA /* AnimationPlayable.swift */ = {isa = PBXFileReference; lastKnownFileType = sourcecode.swift; path = AnimationPlayable.swift; sourceTree = "<group>"; };
		6D47249D2CA686E100D4B8EA /* LottieAnimation.swift */ = {isa = PBXFileReference; lastKnownFileType = sourcecode.swift; path = LottieAnimation.swift; sourceTree = "<group>"; };
		6D47249F2CA6870A00D4B8EA /* LottieView.swift */ = {isa = PBXFileReference; lastKnownFileType = sourcecode.swift; path = LottieView.swift; sourceTree = "<group>"; };
		6D4724A22CA6876F00D4B8EA /* LaunchViewPreviews.swift */ = {isa = PBXFileReference; lastKnownFileType = sourcecode.swift; path = LaunchViewPreviews.swift; sourceTree = "<group>"; };
		6D4724AC2CA6900100D4B8EA /* MenuContentView.swift */ = {isa = PBXFileReference; lastKnownFileType = sourcecode.swift; path = MenuContentView.swift; sourceTree = "<group>"; };
		6D4724B02CA6909100D4B8EA /* KeychainHelper.swift */ = {isa = PBXFileReference; lastKnownFileType = sourcecode.swift; path = KeychainHelper.swift; sourceTree = "<group>"; };
		6D4724B22CA690B700D4B8EA /* LoginRouter.swift */ = {isa = PBXFileReference; lastKnownFileType = sourcecode.swift; path = LoginRouter.swift; sourceTree = "<group>"; };
		6D4724B42CA690D800D4B8EA /* LoginEntity.swift */ = {isa = PBXFileReference; lastKnownFileType = sourcecode.swift; path = LoginEntity.swift; sourceTree = "<group>"; };
		6D4724B82CA6916900D4B8EA /* LoginPresenter.swift */ = {isa = PBXFileReference; lastKnownFileType = sourcecode.swift; path = LoginPresenter.swift; sourceTree = "<group>"; };
		6D4724BA2CA6918F00D4B8EA /* LoginInteractor.swift */ = {isa = PBXFileReference; lastKnownFileType = sourcecode.swift; path = LoginInteractor.swift; sourceTree = "<group>"; };
		6D6C37C62C9FEB1800490B37 /* FinTrackPro.app */ = {isa = PBXFileReference; explicitFileType = wrapper.application; includeInIndex = 0; path = FinTrackPro.app; sourceTree = BUILT_PRODUCTS_DIR; };
		6D6C37C92C9FEB1800490B37 /* FinTrackProApp.swift */ = {isa = PBXFileReference; lastKnownFileType = sourcecode.swift; path = FinTrackProApp.swift; sourceTree = "<group>"; };
		6D6C37CB2C9FEB1800490B37 /* ContentView.swift */ = {isa = PBXFileReference; lastKnownFileType = sourcecode.swift; path = ContentView.swift; sourceTree = "<group>"; };
		6D6C37CD2C9FEB1800490B37 /* Item.swift */ = {isa = PBXFileReference; lastKnownFileType = sourcecode.swift; path = Item.swift; sourceTree = "<group>"; };
		6D6C37CF2C9FEB1A00490B37 /* Assets.xcassets */ = {isa = PBXFileReference; lastKnownFileType = folder.assetcatalog; path = Assets.xcassets; sourceTree = "<group>"; };
		6D6C37D22C9FEB1A00490B37 /* Preview Assets.xcassets */ = {isa = PBXFileReference; lastKnownFileType = folder.assetcatalog; path = "Preview Assets.xcassets"; sourceTree = "<group>"; };
		6D6C37D82C9FEB1A00490B37 /* FinTrackProTests.xctest */ = {isa = PBXFileReference; explicitFileType = wrapper.cfbundle; includeInIndex = 0; path = FinTrackProTests.xctest; sourceTree = BUILT_PRODUCTS_DIR; };
		6D6C37DC2C9FEB1A00490B37 /* FinTrackProTests.swift */ = {isa = PBXFileReference; lastKnownFileType = sourcecode.swift; path = FinTrackProTests.swift; sourceTree = "<group>"; };
		6D6C37E22C9FEB1A00490B37 /* FinTrackProUITests.xctest */ = {isa = PBXFileReference; explicitFileType = wrapper.cfbundle; includeInIndex = 0; path = FinTrackProUITests.xctest; sourceTree = BUILT_PRODUCTS_DIR; };
		6D6C37E62C9FEB1A00490B37 /* FinTrackProUITests.swift */ = {isa = PBXFileReference; lastKnownFileType = sourcecode.swift; path = FinTrackProUITests.swift; sourceTree = "<group>"; };
		6D6C37E82C9FEB1A00490B37 /* FinTrackProUITestsLaunchTests.swift */ = {isa = PBXFileReference; lastKnownFileType = sourcecode.swift; path = FinTrackProUITestsLaunchTests.swift; sourceTree = "<group>"; };
		6DE9B5C42CA4E12B00BD39E1 /* LaunchView.swift */ = {isa = PBXFileReference; lastKnownFileType = sourcecode.swift; path = LaunchView.swift; sourceTree = "<group>"; };
		6DE9B5C62CA4E25800BD39E1 /* LoginView.swift */ = {isa = PBXFileReference; lastKnownFileType = sourcecode.swift; path = LoginView.swift; sourceTree = "<group>"; };
		6DE9B5C92CA4E7E100BD39E1 /* LaunchView.json */ = {isa = PBXFileReference; fileEncoding = 4; lastKnownFileType = text.json; path = LaunchView.json; sourceTree = "<group>"; };
		6DE9B5CB2CA4EA2F00BD39E1 /* Loader.json */ = {isa = PBXFileReference; fileEncoding = 4; lastKnownFileType = text.json; path = Loader.json; sourceTree = "<group>"; };
/* End PBXFileReference section */

/* Begin PBXFrameworksBuildPhase section */
		6D6C37C32C9FEB1800490B37 /* Frameworks */ = {
			isa = PBXFrameworksBuildPhase;
			buildActionMask = 2147483647;
			files = (
				6D52A02B2CA13A840022BBFB /* RxSwift-Dynamic in Frameworks */,
				6D52A0212CA13A840022BBFB /* RxCocoa in Frameworks */,
				6D5E6E3A2CA12DAE0016877B /* RealmSwift in Frameworks */,
				6DE9B5C32CA4C6EE00BD39E1 /* FirebaseCrashlytics in Frameworks */,
				6D5E6E322CA121D60016877B /* Kingfisher in Frameworks */,
				6D5E6E2F2CA120B50016877B /* SwiftyJSON in Frameworks */,
				6D5E6E2C2CA11FF40016877B /* Alamofire in Frameworks */,
				6DE9B5BB2CA4C6EE00BD39E1 /* FirebaseAnalytics in Frameworks */,
				6D5E6E352CA12BC10016877B /* Lottie in Frameworks */,
				6D52A0292CA13A840022BBFB /* RxSwift in Frameworks */,
				6D52A0232CA13A840022BBFB /* RxCocoa-Dynamic in Frameworks */,
				6D5E6E382CA12DAE0016877B /* Realm in Frameworks */,
				6D52A0272CA13A840022BBFB /* RxRelay-Dynamic in Frameworks */,
				6D52A01D2CA13A840022BBFB /* RxBlocking in Frameworks */,
				6DE9B5BF2CA4C6EE00BD39E1 /* FirebaseAuth in Frameworks */,
				6DE9B5BD2CA4C6EE00BD39E1 /* FirebaseAnalyticsOnDeviceConversion in Frameworks */,
				6D52A01F2CA13A840022BBFB /* RxBlocking-Dynamic in Frameworks */,
				6D809CE62CA3C59F00071AA4 /* SwiftFormat in Frameworks */,
				6D52A0252CA13A840022BBFB /* RxRelay in Frameworks */,
				6D809CE82CA3C59F00071AA4 /* swift-format in Frameworks */,
				6DE9B5C12CA4C6EE00BD39E1 /* FirebaseAuthCombine-Community in Frameworks */,
			);
			runOnlyForDeploymentPostprocessing = 0;
		};
		6D6C37D52C9FEB1A00490B37 /* Frameworks */ = {
			isa = PBXFrameworksBuildPhase;
			buildActionMask = 2147483647;
			files = (
				6D52A02F2CA13A840022BBFB /* RxTest-Dynamic in Frameworks */,
				6D52A02D2CA13A840022BBFB /* RxTest in Frameworks */,
			);
			runOnlyForDeploymentPostprocessing = 0;
		};
		6D6C37DF2C9FEB1A00490B37 /* Frameworks */ = {
			isa = PBXFrameworksBuildPhase;
			buildActionMask = 2147483647;
			files = (
			);
			runOnlyForDeploymentPostprocessing = 0;
		};
/* End PBXFrameworksBuildPhase section */

/* Begin PBXGroup section */
		6D4724912CA65B6300D4B8EA /* Launcher */ = {
			isa = PBXGroup;
			children = (
				6D4724942CA65C1900D4B8EA /* View */,
				6D4724932CA65C0000D4B8EA /* Model */,
				6D4724922CA65BF200D4B8EA /* ViewModel */,
			);
			path = Launcher;
			sourceTree = "<group>";
		};
		6D4724922CA65BF200D4B8EA /* ViewModel */ = {
			isa = PBXGroup;
			children = (
				6D4724972CA685CC00D4B8EA /* LaunchViewModel.swift */,
			);
			path = ViewModel;
			sourceTree = "<group>";
		};
		6D4724932CA65C0000D4B8EA /* Model */ = {
			isa = PBXGroup;
			children = (
				6D47249B2CA6868D00D4B8EA /* AnimationPlayable.swift */,
			);
			path = Model;
			sourceTree = "<group>";
		};
		6D4724942CA65C1900D4B8EA /* View */ = {
			isa = PBXGroup;
			children = (
				6DE9B5C42CA4E12B00BD39E1 /* LaunchView.swift */,
			);
			path = View;
			sourceTree = "<group>";
		};
		6D4724962CA6855200D4B8EA /* LottieAnimation */ = {
			isa = PBXGroup;
			children = (
				6D47249A2CA6867000D4B8EA /* View */,
				6D4724992CA6866900D4B8EA /* Model */,
			);
			path = LottieAnimation;
			sourceTree = "<group>";
		};
		6D4724992CA6866900D4B8EA /* Model */ = {
			isa = PBXGroup;
			children = (
				6D47249D2CA686E100D4B8EA /* LottieAnimation.swift */,
			);
			path = Model;
			sourceTree = "<group>";
		};
		6D47249A2CA6867000D4B8EA /* View */ = {
			isa = PBXGroup;
			children = (
				6D47249F2CA6870A00D4B8EA /* LottieView.swift */,
			);
			path = View;
			sourceTree = "<group>";
		};
		6D4724A12CA6875200D4B8EA /* Previews */ = {
			isa = PBXGroup;
			children = (
				6D4724A22CA6876F00D4B8EA /* LaunchViewPreviews.swift */,
			);
			path = Previews;
			sourceTree = "<group>";
		};
		6D4724A42CA68D2E00D4B8EA /* Login */ = {
			isa = PBXGroup;
			children = (
				6D4724A92CA68D5E00D4B8EA /* Router */,
				6D4724A82CA68D5600D4B8EA /* Entity */,
				6D4724A72CA68D4D00D4B8EA /* Presenter */,
				6D4724A62CA68D4200D4B8EA /* Interactor */,
				6D4724A52CA68D3900D4B8EA /* View */,
			);
			path = Login;
			sourceTree = "<group>";
		};
		6D4724A52CA68D3900D4B8EA /* View */ = {
			isa = PBXGroup;
			children = (
				6DE9B5C62CA4E25800BD39E1 /* LoginView.swift */,
				6D4724AC2CA6900100D4B8EA /* MenuContentView.swift */,
			);
			path = View;
			sourceTree = "<group>";
		};
		6D4724A62CA68D4200D4B8EA /* Interactor */ = {
			isa = PBXGroup;
			children = (
				6D4724BA2CA6918F00D4B8EA /* LoginInteractor.swift */,
			);
			path = Interactor;
			sourceTree = "<group>";
		};
		6D4724A72CA68D4D00D4B8EA /* Presenter */ = {
			isa = PBXGroup;
			children = (
				6D4724B82CA6916900D4B8EA /* LoginPresenter.swift */,
			);
			path = Presenter;
			sourceTree = "<group>";
		};
		6D4724A82CA68D5600D4B8EA /* Entity */ = {
			isa = PBXGroup;
			children = (
				6D4724B42CA690D800D4B8EA /* LoginEntity.swift */,
			);
			path = Entity;
			sourceTree = "<group>";
		};
		6D4724A92CA68D5E00D4B8EA /* Router */ = {
			isa = PBXGroup;
			children = (
				6D4724B22CA690B700D4B8EA /* LoginRouter.swift */,
			);
			path = Router;
			sourceTree = "<group>";
		};
		6D4724AE2CA6906F00D4B8EA /* Helpers */ = {
			isa = PBXGroup;
			children = (
				6D4724B02CA6909100D4B8EA /* KeychainHelper.swift */,
			);
			path = Helpers;
			sourceTree = "<group>";
		};
		6D4724AF2CA6907900D4B8EA /* Utilities */ = {
			isa = PBXGroup;
			children = (
			);
			path = Utilities;
			sourceTree = "<group>";
		};
		6D4724BC2CA6924500D4B8EA /* Extension */ = {
			isa = PBXGroup;
			children = (
			);
			path = Extension;
			sourceTree = "<group>";
		};
		6D4724BD2CA6924D00D4B8EA /* Constants */ = {
			isa = PBXGroup;
			children = (
			);
			path = Constants;
			sourceTree = "<group>";
		};
		6D6C37BD2C9FEB1800490B37 = {
			isa = PBXGroup;
			children = (
				6D6C37C82C9FEB1800490B37 /* FinTrackPro */,
				6D6C37DB2C9FEB1A00490B37 /* FinTrackProTests */,
				6D6C37E52C9FEB1A00490B37 /* FinTrackProUITests */,
				6D6C37C72C9FEB1800490B37 /* Products */,
			);
			sourceTree = "<group>";
		};
		6D6C37C72C9FEB1800490B37 /* Products */ = {
			isa = PBXGroup;
			children = (
				6D6C37C62C9FEB1800490B37 /* FinTrackPro.app */,
				6D6C37D82C9FEB1A00490B37 /* FinTrackProTests.xctest */,
				6D6C37E22C9FEB1A00490B37 /* FinTrackProUITests.xctest */,
			);
			name = Products;
			sourceTree = "<group>";
		};
		6D6C37C82C9FEB1800490B37 /* FinTrackPro */ = {
			isa = PBXGroup;
			children = (
				6D4724A12CA6875200D4B8EA /* Previews */,
				6D6C37F62C9FF31100490B37 /* Features */,
				6D6C37FA2C9FF36D00490B37 /* Utilities */,
				6D6C37F92C9FF35F00490B37 /* UIComponents */,
				6D6C37F82C9FF35000490B37 /* Services */,
				6D6C37F72C9FF33900490B37 /* Networking */,
				6D6C37F52C9FF2F500490B37 /* Core */,
				6D6C37C92C9FEB1800490B37 /* FinTrackProApp.swift */,
				6D6C37CB2C9FEB1800490B37 /* ContentView.swift */,
				6D6C37CD2C9FEB1800490B37 /* Item.swift */,
				6D6C37CF2C9FEB1A00490B37 /* Assets.xcassets */,
				6D6C37D12C9FEB1A00490B37 /* Preview Content */,
			);
			path = FinTrackPro;
			sourceTree = "<group>";
		};
		6D6C37D12C9FEB1A00490B37 /* Preview Content */ = {
			isa = PBXGroup;
			children = (
				6D6C37D22C9FEB1A00490B37 /* Preview Assets.xcassets */,
			);
			path = "Preview Content";
			sourceTree = "<group>";
		};
		6D6C37DB2C9FEB1A00490B37 /* FinTrackProTests */ = {
			isa = PBXGroup;
			children = (
				6D6C37DC2C9FEB1A00490B37 /* FinTrackProTests.swift */,
			);
			path = FinTrackProTests;
			sourceTree = "<group>";
		};
		6D6C37E52C9FEB1A00490B37 /* FinTrackProUITests */ = {
			isa = PBXGroup;
			children = (
				6D6C37E62C9FEB1A00490B37 /* FinTrackProUITests.swift */,
				6D6C37E82C9FEB1A00490B37 /* FinTrackProUITestsLaunchTests.swift */,
			);
			path = FinTrackProUITests;
			sourceTree = "<group>";
		};
		6D6C37F52C9FF2F500490B37 /* Core */ = {
			isa = PBXGroup;
			children = (
				6D4724BD2CA6924D00D4B8EA /* Constants */,
				6D4724BC2CA6924500D4B8EA /* Extension */,
				6D4724AF2CA6907900D4B8EA /* Utilities */,
				6D4724AE2CA6906F00D4B8EA /* Helpers */,
				6DE9B5C82CA4E7CA00BD39E1 /* LottieFiles */,
			);
			path = Core;
			sourceTree = "<group>";
		};
		6D6C37F62C9FF31100490B37 /* Features */ = {
			isa = PBXGroup;
			children = (
				6D4724A42CA68D2E00D4B8EA /* Login */,
				6D4724962CA6855200D4B8EA /* LottieAnimation */,
				6D4724912CA65B6300D4B8EA /* Launcher */,
				6D6C37FE2C9FF72300490B37 /* Common */,
				6D6C37FD2C9FF70A00490B37 /* Trading */,
				6D6C37FC2C9FF6E900490B37 /* Authentication */,
				6D6C37FB2C9FF6DC00490B37 /* Dashboard */,
			);
			path = Features;
			sourceTree = "<group>";
		};
		6D6C37F72C9FF33900490B37 /* Networking */ = {
			isa = PBXGroup;
			children = (
			);
			path = Networking;
			sourceTree = "<group>";
		};
		6D6C37F82C9FF35000490B37 /* Services */ = {
			isa = PBXGroup;
			children = (
			);
			path = Services;
			sourceTree = "<group>";
		};
		6D6C37F92C9FF35F00490B37 /* UIComponents */ = {
			isa = PBXGroup;
			children = (
			);
			path = UIComponents;
			sourceTree = "<group>";
		};
		6D6C37FA2C9FF36D00490B37 /* Utilities */ = {
			isa = PBXGroup;
			children = (
			);
			path = Utilities;
			sourceTree = "<group>";
		};
		6D6C37FB2C9FF6DC00490B37 /* Dashboard */ = {
			isa = PBXGroup;
			children = (
				6D6C37FF2C9FF74200490B37 /* VIPER */,
			);
			path = Dashboard;
			sourceTree = "<group>";
		};
		6D6C37FC2C9FF6E900490B37 /* Authentication */ = {
			isa = PBXGroup;
			children = (
				6D6C38002C9FF75300490B37 /* MVVM */,
			);
			path = Authentication;
			sourceTree = "<group>";
		};
		6D6C37FD2C9FF70A00490B37 /* Trading */ = {
			isa = PBXGroup;
			children = (
				6D6C38012C9FF79000490B37 /* TCA */,
			);
			path = Trading;
			sourceTree = "<group>";
		};
		6D6C37FE2C9FF72300490B37 /* Common */ = {
			isa = PBXGroup;
			children = (
			);
			path = Common;
			sourceTree = "<group>";
		};
		6D6C37FF2C9FF74200490B37 /* VIPER */ = {
			isa = PBXGroup;
			children = (
			);
			path = VIPER;
			sourceTree = "<group>";
		};
		6D6C38002C9FF75300490B37 /* MVVM */ = {
			isa = PBXGroup;
			children = (
			);
			path = MVVM;
			sourceTree = "<group>";
		};
		6D6C38012C9FF79000490B37 /* TCA */ = {
			isa = PBXGroup;
			children = (
			);
			path = TCA;
			sourceTree = "<group>";
		};
		6DE9B5C82CA4E7CA00BD39E1 /* LottieFiles */ = {
			isa = PBXGroup;
			children = (
				6DE9B5CB2CA4EA2F00BD39E1 /* Loader.json */,
				6DE9B5C92CA4E7E100BD39E1 /* LaunchView.json */,
			);
			path = LottieFiles;
			sourceTree = "<group>";
		};
/* End PBXGroup section */

/* Begin PBXNativeTarget section */
		6D6C37C52C9FEB1800490B37 /* FinTrackPro */ = {
			isa = PBXNativeTarget;
			buildConfigurationList = 6D6C37EC2C9FEB1A00490B37 /* Build configuration list for PBXNativeTarget "FinTrackPro" */;
			buildPhases = (
				6D6C37C22C9FEB1800490B37 /* Sources */,
				6D6C37C32C9FEB1800490B37 /* Frameworks */,
				6D6C37C42C9FEB1800490B37 /* Resources */,
			);
			buildRules = (
			);
			dependencies = (
			);
			name = FinTrackPro;
			packageProductDependencies = (
				6D5E6E2B2CA11FF40016877B /* Alamofire */,
				6D5E6E2E2CA120B50016877B /* SwiftyJSON */,
				6D5E6E312CA121D60016877B /* Kingfisher */,
				6D5E6E342CA12BC10016877B /* Lottie */,
				6D5E6E372CA12DAE0016877B /* Realm */,
				6D5E6E392CA12DAE0016877B /* RealmSwift */,
				6D52A01C2CA13A840022BBFB /* RxBlocking */,
				6D52A01E2CA13A840022BBFB /* RxBlocking-Dynamic */,
				6D52A0202CA13A840022BBFB /* RxCocoa */,
				6D52A0222CA13A840022BBFB /* RxCocoa-Dynamic */,
				6D52A0242CA13A840022BBFB /* RxRelay */,
				6D52A0262CA13A840022BBFB /* RxRelay-Dynamic */,
				6D52A0282CA13A840022BBFB /* RxSwift */,
				6D52A02A2CA13A840022BBFB /* RxSwift-Dynamic */,
				6D809CE52CA3C59F00071AA4 /* SwiftFormat */,
				6D809CE72CA3C59F00071AA4 /* swift-format */,
				6DE9B5BA2CA4C6EE00BD39E1 /* FirebaseAnalytics */,
				6DE9B5BC2CA4C6EE00BD39E1 /* FirebaseAnalyticsOnDeviceConversion */,
				6DE9B5BE2CA4C6EE00BD39E1 /* FirebaseAuth */,
				6DE9B5C02CA4C6EE00BD39E1 /* FirebaseAuthCombine-Community */,
				6DE9B5C22CA4C6EE00BD39E1 /* FirebaseCrashlytics */,
			);
			productName = FinTrackPro;
			productReference = 6D6C37C62C9FEB1800490B37 /* FinTrackPro.app */;
			productType = "com.apple.product-type.application";
		};
		6D6C37D72C9FEB1A00490B37 /* FinTrackProTests */ = {
			isa = PBXNativeTarget;
			buildConfigurationList = 6D6C37EF2C9FEB1A00490B37 /* Build configuration list for PBXNativeTarget "FinTrackProTests" */;
			buildPhases = (
				6D6C37D42C9FEB1A00490B37 /* Sources */,
				6D6C37D52C9FEB1A00490B37 /* Frameworks */,
				6D6C37D62C9FEB1A00490B37 /* Resources */,
			);
			buildRules = (
			);
			dependencies = (
				6D6C37DA2C9FEB1A00490B37 /* PBXTargetDependency */,
			);
			name = FinTrackProTests;
			packageProductDependencies = (
				6D52A02C2CA13A840022BBFB /* RxTest */,
				6D52A02E2CA13A840022BBFB /* RxTest-Dynamic */,
			);
			productName = FinTrackProTests;
			productReference = 6D6C37D82C9FEB1A00490B37 /* FinTrackProTests.xctest */;
			productType = "com.apple.product-type.bundle.unit-test";
		};
		6D6C37E12C9FEB1A00490B37 /* FinTrackProUITests */ = {
			isa = PBXNativeTarget;
			buildConfigurationList = 6D6C37F22C9FEB1A00490B37 /* Build configuration list for PBXNativeTarget "FinTrackProUITests" */;
			buildPhases = (
				6D6C37DE2C9FEB1A00490B37 /* Sources */,
				6D6C37DF2C9FEB1A00490B37 /* Frameworks */,
				6D6C37E02C9FEB1A00490B37 /* Resources */,
			);
			buildRules = (
			);
			dependencies = (
				6D6C37E42C9FEB1A00490B37 /* PBXTargetDependency */,
			);
			name = FinTrackProUITests;
			productName = FinTrackProUITests;
			productReference = 6D6C37E22C9FEB1A00490B37 /* FinTrackProUITests.xctest */;
			productType = "com.apple.product-type.bundle.ui-testing";
		};
/* End PBXNativeTarget section */

/* Begin PBXProject section */
		6D6C37BE2C9FEB1800490B37 /* Project object */ = {
			isa = PBXProject;
			attributes = {
				BuildIndependentTargetsInParallel = 1;
				LastSwiftUpdateCheck = 1510;
				LastUpgradeCheck = 1510;
				TargetAttributes = {
					6D6C37C52C9FEB1800490B37 = {
						CreatedOnToolsVersion = 15.1;
					};
					6D6C37D72C9FEB1A00490B37 = {
						CreatedOnToolsVersion = 15.1;
						TestTargetID = 6D6C37C52C9FEB1800490B37;
					};
					6D6C37E12C9FEB1A00490B37 = {
						CreatedOnToolsVersion = 15.1;
						TestTargetID = 6D6C37C52C9FEB1800490B37;
					};
				};
			};
			buildConfigurationList = 6D6C37C12C9FEB1800490B37 /* Build configuration list for PBXProject "FinTrackPro" */;
			compatibilityVersion = "Xcode 14.0";
			developmentRegion = en;
			hasScannedForEncodings = 0;
			knownRegions = (
				en,
				Base,
			);
			mainGroup = 6D6C37BD2C9FEB1800490B37;
			packageReferences = (
				6D5E6E2A2CA11FF40016877B /* XCRemoteSwiftPackageReference "Alamofire" */,
				6D5E6E2D2CA120B40016877B /* XCRemoteSwiftPackageReference "SwiftyJSON" */,
				6D5E6E302CA121D60016877B /* XCRemoteSwiftPackageReference "Kingfisher" */,
				6D5E6E332CA12BC10016877B /* XCRemoteSwiftPackageReference "lottie-ios" */,
				6D5E6E362CA12DAE0016877B /* XCRemoteSwiftPackageReference "realm-swift" */,
				6D52A01B2CA13A840022BBFB /* XCRemoteSwiftPackageReference "RxSwift" */,
				6D809CE42CA3C59F00071AA4 /* XCRemoteSwiftPackageReference "swift-format" */,
				6DE9B5B92CA4C6EE00BD39E1 /* XCRemoteSwiftPackageReference "firebase-ios-sdk" */,
			);
			productRefGroup = 6D6C37C72C9FEB1800490B37 /* Products */;
			projectDirPath = "";
			projectRoot = "";
			targets = (
				6D6C37C52C9FEB1800490B37 /* FinTrackPro */,
				6D6C37D72C9FEB1A00490B37 /* FinTrackProTests */,
				6D6C37E12C9FEB1A00490B37 /* FinTrackProUITests */,
			);
		};
/* End PBXProject section */

/* Begin PBXResourcesBuildPhase section */
		6D6C37C42C9FEB1800490B37 /* Resources */ = {
			isa = PBXResourcesBuildPhase;
			buildActionMask = 2147483647;
			files = (
				6DE9B5CA2CA4E7E100BD39E1 /* LaunchView.json in Resources */,
				6D6C37D32C9FEB1A00490B37 /* Preview Assets.xcassets in Resources */,
				6DE9B5CC2CA4EA2F00BD39E1 /* Loader.json in Resources */,
				6D6C37D02C9FEB1A00490B37 /* Assets.xcassets in Resources */,
			);
			runOnlyForDeploymentPostprocessing = 0;
		};
		6D6C37D62C9FEB1A00490B37 /* Resources */ = {
			isa = PBXResourcesBuildPhase;
			buildActionMask = 2147483647;
			files = (
			);
			runOnlyForDeploymentPostprocessing = 0;
		};
		6D6C37E02C9FEB1A00490B37 /* Resources */ = {
			isa = PBXResourcesBuildPhase;
			buildActionMask = 2147483647;
			files = (
			);
			runOnlyForDeploymentPostprocessing = 0;
		};
/* End PBXResourcesBuildPhase section */

/* Begin PBXSourcesBuildPhase section */
		6D6C37C22C9FEB1800490B37 /* Sources */ = {
			isa = PBXSourcesBuildPhase;
			buildActionMask = 2147483647;
			files = (
				6D4724BB2CA6918F00D4B8EA /* LoginInteractor.swift in Sources */,
				6D4724B92CA6916900D4B8EA /* LoginPresenter.swift in Sources */,
				6D6C37CC2C9FEB1800490B37 /* ContentView.swift in Sources */,
				6D47249E2CA686E100D4B8EA /* LottieAnimation.swift in Sources */,
				6D4724A02CA6870A00D4B8EA /* LottieView.swift in Sources */,
				6D4724AD2CA6900100D4B8EA /* MenuContentView.swift in Sources */,
				6DE9B5C52CA4E12B00BD39E1 /* LaunchView.swift in Sources */,
				6D6C37CE2C9FEB1800490B37 /* Item.swift in Sources */,
				6DE9B5C72CA4E25800BD39E1 /* LoginView.swift in Sources */,
				6D4724B12CA6909100D4B8EA /* KeychainHelper.swift in Sources */,
				6D4724A32CA6876F00D4B8EA /* LaunchViewPreviews.swift in Sources */,
				6D6C37CA2C9FEB1800490B37 /* FinTrackProApp.swift in Sources */,
				6D47249C2CA6868D00D4B8EA /* AnimationPlayable.swift in Sources */,
				6D4724B32CA690B700D4B8EA /* LoginRouter.swift in Sources */,
				6D4724B52CA690D800D4B8EA /* LoginEntity.swift in Sources */,
				6D4724982CA685CC00D4B8EA /* LaunchViewModel.swift in Sources */,
			);
			runOnlyForDeploymentPostprocessing = 0;
		};
		6D6C37D42C9FEB1A00490B37 /* Sources */ = {
			isa = PBXSourcesBuildPhase;
			buildActionMask = 2147483647;
			files = (
				6D6C37DD2C9FEB1A00490B37 /* FinTrackProTests.swift in Sources */,
			);
			runOnlyForDeploymentPostprocessing = 0;
		};
		6D6C37DE2C9FEB1A00490B37 /* Sources */ = {
			isa = PBXSourcesBuildPhase;
			buildActionMask = 2147483647;
			files = (
				6D6C37E92C9FEB1A00490B37 /* FinTrackProUITestsLaunchTests.swift in Sources */,
				6D6C37E72C9FEB1A00490B37 /* FinTrackProUITests.swift in Sources */,
			);
			runOnlyForDeploymentPostprocessing = 0;
		};
/* End PBXSourcesBuildPhase section */

/* Begin PBXTargetDependency section */
		6D6C37DA2C9FEB1A00490B37 /* PBXTargetDependency */ = {
			isa = PBXTargetDependency;
			target = 6D6C37C52C9FEB1800490B37 /* FinTrackPro */;
			targetProxy = 6D6C37D92C9FEB1A00490B37 /* PBXContainerItemProxy */;
		};
		6D6C37E42C9FEB1A00490B37 /* PBXTargetDependency */ = {
			isa = PBXTargetDependency;
			target = 6D6C37C52C9FEB1800490B37 /* FinTrackPro */;
			targetProxy = 6D6C37E32C9FEB1A00490B37 /* PBXContainerItemProxy */;
		};
/* End PBXTargetDependency section */

/* Begin XCBuildConfiguration section */
		6D6C37EA2C9FEB1A00490B37 /* Debug */ = {
			isa = XCBuildConfiguration;
			buildSettings = {
				ALWAYS_SEARCH_USER_PATHS = NO;
				ASSETCATALOG_COMPILER_GENERATE_SWIFT_ASSET_SYMBOL_EXTENSIONS = YES;
				CLANG_ANALYZER_NONNULL = YES;
				CLANG_ANALYZER_NUMBER_OBJECT_CONVERSION = YES_AGGRESSIVE;
				CLANG_CXX_LANGUAGE_STANDARD = "gnu++20";
				CLANG_ENABLE_MODULES = YES;
				CLANG_ENABLE_OBJC_ARC = YES;
				CLANG_ENABLE_OBJC_WEAK = YES;
				CLANG_WARN_BLOCK_CAPTURE_AUTORELEASING = YES;
				CLANG_WARN_BOOL_CONVERSION = YES;
				CLANG_WARN_COMMA = YES;
				CLANG_WARN_CONSTANT_CONVERSION = YES;
				CLANG_WARN_DEPRECATED_OBJC_IMPLEMENTATIONS = YES;
				CLANG_WARN_DIRECT_OBJC_ISA_USAGE = YES_ERROR;
				CLANG_WARN_DOCUMENTATION_COMMENTS = YES;
				CLANG_WARN_EMPTY_BODY = YES;
				CLANG_WARN_ENUM_CONVERSION = YES;
				CLANG_WARN_INFINITE_RECURSION = YES;
				CLANG_WARN_INT_CONVERSION = YES;
				CLANG_WARN_NON_LITERAL_NULL_CONVERSION = YES;
				CLANG_WARN_OBJC_IMPLICIT_RETAIN_SELF = YES;
				CLANG_WARN_OBJC_LITERAL_CONVERSION = YES;
				CLANG_WARN_OBJC_ROOT_CLASS = YES_ERROR;
				CLANG_WARN_QUOTED_INCLUDE_IN_FRAMEWORK_HEADER = YES;
				CLANG_WARN_RANGE_LOOP_ANALYSIS = YES;
				CLANG_WARN_STRICT_PROTOTYPES = YES;
				CLANG_WARN_SUSPICIOUS_MOVE = YES;
				CLANG_WARN_UNGUARDED_AVAILABILITY = YES_AGGRESSIVE;
				CLANG_WARN_UNREACHABLE_CODE = YES;
				CLANG_WARN__DUPLICATE_METHOD_MATCH = YES;
				COPY_PHASE_STRIP = NO;
				DEBUG_INFORMATION_FORMAT = dwarf;
				ENABLE_STRICT_OBJC_MSGSEND = YES;
				ENABLE_TESTABILITY = YES;
				ENABLE_USER_SCRIPT_SANDBOXING = YES;
				GCC_C_LANGUAGE_STANDARD = gnu17;
				GCC_DYNAMIC_NO_PIC = NO;
				GCC_NO_COMMON_BLOCKS = YES;
				GCC_OPTIMIZATION_LEVEL = 0;
				GCC_PREPROCESSOR_DEFINITIONS = (
					"DEBUG=1",
					"$(inherited)",
				);
				GCC_WARN_64_TO_32_BIT_CONVERSION = YES;
				GCC_WARN_ABOUT_RETURN_TYPE = YES_ERROR;
				GCC_WARN_UNDECLARED_SELECTOR = YES;
				GCC_WARN_UNINITIALIZED_AUTOS = YES_AGGRESSIVE;
				GCC_WARN_UNUSED_FUNCTION = YES;
				GCC_WARN_UNUSED_VARIABLE = YES;
				IPHONEOS_DEPLOYMENT_TARGET = 15.0;
				LOCALIZATION_PREFERS_STRING_CATALOGS = YES;
				MTL_ENABLE_DEBUG_INFO = INCLUDE_SOURCE;
				MTL_FAST_MATH = YES;
				ONLY_ACTIVE_ARCH = YES;
				SDKROOT = iphoneos;
				SWIFT_ACTIVE_COMPILATION_CONDITIONS = "DEBUG $(inherited)";
				SWIFT_OPTIMIZATION_LEVEL = "-Onone";
			};
			name = Debug;
		};
		6D6C37EB2C9FEB1A00490B37 /* Release */ = {
			isa = XCBuildConfiguration;
			buildSettings = {
				ALWAYS_SEARCH_USER_PATHS = NO;
				ASSETCATALOG_COMPILER_GENERATE_SWIFT_ASSET_SYMBOL_EXTENSIONS = YES;
				CLANG_ANALYZER_NONNULL = YES;
				CLANG_ANALYZER_NUMBER_OBJECT_CONVERSION = YES_AGGRESSIVE;
				CLANG_CXX_LANGUAGE_STANDARD = "gnu++20";
				CLANG_ENABLE_MODULES = YES;
				CLANG_ENABLE_OBJC_ARC = YES;
				CLANG_ENABLE_OBJC_WEAK = YES;
				CLANG_WARN_BLOCK_CAPTURE_AUTORELEASING = YES;
				CLANG_WARN_BOOL_CONVERSION = YES;
				CLANG_WARN_COMMA = YES;
				CLANG_WARN_CONSTANT_CONVERSION = YES;
				CLANG_WARN_DEPRECATED_OBJC_IMPLEMENTATIONS = YES;
				CLANG_WARN_DIRECT_OBJC_ISA_USAGE = YES_ERROR;
				CLANG_WARN_DOCUMENTATION_COMMENTS = YES;
				CLANG_WARN_EMPTY_BODY = YES;
				CLANG_WARN_ENUM_CONVERSION = YES;
				CLANG_WARN_INFINITE_RECURSION = YES;
				CLANG_WARN_INT_CONVERSION = YES;
				CLANG_WARN_NON_LITERAL_NULL_CONVERSION = YES;
				CLANG_WARN_OBJC_IMPLICIT_RETAIN_SELF = YES;
				CLANG_WARN_OBJC_LITERAL_CONVERSION = YES;
				CLANG_WARN_OBJC_ROOT_CLASS = YES_ERROR;
				CLANG_WARN_QUOTED_INCLUDE_IN_FRAMEWORK_HEADER = YES;
				CLANG_WARN_RANGE_LOOP_ANALYSIS = YES;
				CLANG_WARN_STRICT_PROTOTYPES = YES;
				CLANG_WARN_SUSPICIOUS_MOVE = YES;
				CLANG_WARN_UNGUARDED_AVAILABILITY = YES_AGGRESSIVE;
				CLANG_WARN_UNREACHABLE_CODE = YES;
				CLANG_WARN__DUPLICATE_METHOD_MATCH = YES;
				COPY_PHASE_STRIP = NO;
				DEBUG_INFORMATION_FORMAT = "dwarf-with-dsym";
				ENABLE_NS_ASSERTIONS = NO;
				ENABLE_STRICT_OBJC_MSGSEND = YES;
				ENABLE_USER_SCRIPT_SANDBOXING = YES;
				GCC_C_LANGUAGE_STANDARD = gnu17;
				GCC_NO_COMMON_BLOCKS = YES;
				GCC_WARN_64_TO_32_BIT_CONVERSION = YES;
				GCC_WARN_ABOUT_RETURN_TYPE = YES_ERROR;
				GCC_WARN_UNDECLARED_SELECTOR = YES;
				GCC_WARN_UNINITIALIZED_AUTOS = YES_AGGRESSIVE;
				GCC_WARN_UNUSED_FUNCTION = YES;
				GCC_WARN_UNUSED_VARIABLE = YES;
				IPHONEOS_DEPLOYMENT_TARGET = 15.0;
				LOCALIZATION_PREFERS_STRING_CATALOGS = YES;
				MTL_ENABLE_DEBUG_INFO = NO;
				MTL_FAST_MATH = YES;
				SDKROOT = iphoneos;
				SWIFT_COMPILATION_MODE = wholemodule;
				VALIDATE_PRODUCT = YES;
			};
			name = Release;
		};
		6D6C37ED2C9FEB1A00490B37 /* Debug */ = {
			isa = XCBuildConfiguration;
			buildSettings = {
				ASSETCATALOG_COMPILER_APPICON_NAME = AppIcon;
				ASSETCATALOG_COMPILER_GLOBAL_ACCENT_COLOR_NAME = AccentColor;
				CODE_SIGN_STYLE = Automatic;
				CURRENT_PROJECT_VERSION = 1;
				DEVELOPMENT_ASSET_PATHS = "\"FinTrackPro/Preview Content\"";
				ENABLE_PREVIEWS = YES;
				GENERATE_INFOPLIST_FILE = YES;
				INFOPLIST_KEY_LSApplicationCategoryType = "public.app-category.finance";
				INFOPLIST_KEY_UIApplicationSceneManifest_Generation = YES;
				INFOPLIST_KEY_UIApplicationSupportsIndirectInputEvents = YES;
				INFOPLIST_KEY_UILaunchScreen_Generation = YES;
				INFOPLIST_KEY_UISupportedInterfaceOrientations_iPad = "UIInterfaceOrientationPortrait UIInterfaceOrientationPortraitUpsideDown UIInterfaceOrientationLandscapeLeft UIInterfaceOrientationLandscapeRight";
				INFOPLIST_KEY_UISupportedInterfaceOrientations_iPhone = "UIInterfaceOrientationPortrait UIInterfaceOrientationLandscapeLeft UIInterfaceOrientationLandscapeRight";
				LD_RUNPATH_SEARCH_PATHS = (
					"$(inherited)",
					"@executable_path/Frameworks",
				);
				MARKETING_VERSION = 0.0;
				PRODUCT_BUNDLE_IDENTIFIER = FinTrackPro.FinTrackPro;
				PRODUCT_NAME = "$(TARGET_NAME)";
				SWIFT_EMIT_LOC_STRINGS = YES;
				SWIFT_VERSION = 5.0;
				TARGETED_DEVICE_FAMILY = "1,2";
			};
			name = Debug;
		};
		6D6C37EE2C9FEB1A00490B37 /* Release */ = {
			isa = XCBuildConfiguration;
			buildSettings = {
				ASSETCATALOG_COMPILER_APPICON_NAME = AppIcon;
				ASSETCATALOG_COMPILER_GLOBAL_ACCENT_COLOR_NAME = AccentColor;
				CODE_SIGN_STYLE = Automatic;
				CURRENT_PROJECT_VERSION = 1;
				DEVELOPMENT_ASSET_PATHS = "\"FinTrackPro/Preview Content\"";
				ENABLE_PREVIEWS = YES;
				GENERATE_INFOPLIST_FILE = YES;
				INFOPLIST_KEY_LSApplicationCategoryType = "public.app-category.finance";
				INFOPLIST_KEY_UIApplicationSceneManifest_Generation = YES;
				INFOPLIST_KEY_UIApplicationSupportsIndirectInputEvents = YES;
				INFOPLIST_KEY_UILaunchScreen_Generation = YES;
				INFOPLIST_KEY_UISupportedInterfaceOrientations_iPad = "UIInterfaceOrientationPortrait UIInterfaceOrientationPortraitUpsideDown UIInterfaceOrientationLandscapeLeft UIInterfaceOrientationLandscapeRight";
				INFOPLIST_KEY_UISupportedInterfaceOrientations_iPhone = "UIInterfaceOrientationPortrait UIInterfaceOrientationLandscapeLeft UIInterfaceOrientationLandscapeRight";
				LD_RUNPATH_SEARCH_PATHS = (
					"$(inherited)",
					"@executable_path/Frameworks",
				);
				MARKETING_VERSION = 0.0;
				PRODUCT_BUNDLE_IDENTIFIER = FinTrackPro.FinTrackPro;
				PRODUCT_NAME = "$(TARGET_NAME)";
				SWIFT_EMIT_LOC_STRINGS = YES;
				SWIFT_VERSION = 5.0;
				TARGETED_DEVICE_FAMILY = "1,2";
			};
			name = Release;
		};
		6D6C37F02C9FEB1A00490B37 /* Debug */ = {
			isa = XCBuildConfiguration;
			buildSettings = {
				ALWAYS_EMBED_SWIFT_STANDARD_LIBRARIES = YES;
				BUNDLE_LOADER = "$(TEST_HOST)";
				CODE_SIGN_STYLE = Automatic;
				CURRENT_PROJECT_VERSION = 1;
				GENERATE_INFOPLIST_FILE = YES;
				IPHONEOS_DEPLOYMENT_TARGET = 17.2;
				MARKETING_VERSION = 1.0;
				PRODUCT_BUNDLE_IDENTIFIER = FinTrackPro.FinTrackProTests;
				PRODUCT_NAME = "$(TARGET_NAME)";
				SWIFT_EMIT_LOC_STRINGS = NO;
				SWIFT_VERSION = 5.0;
				TARGETED_DEVICE_FAMILY = "1,2";
				TEST_HOST = "$(BUILT_PRODUCTS_DIR)/FinTrackPro.app/$(BUNDLE_EXECUTABLE_FOLDER_PATH)/FinTrackPro";
			};
			name = Debug;
		};
		6D6C37F12C9FEB1A00490B37 /* Release */ = {
			isa = XCBuildConfiguration;
			buildSettings = {
				ALWAYS_EMBED_SWIFT_STANDARD_LIBRARIES = YES;
				BUNDLE_LOADER = "$(TEST_HOST)";
				CODE_SIGN_STYLE = Automatic;
				CURRENT_PROJECT_VERSION = 1;
				GENERATE_INFOPLIST_FILE = YES;
				IPHONEOS_DEPLOYMENT_TARGET = 17.2;
				MARKETING_VERSION = 1.0;
				PRODUCT_BUNDLE_IDENTIFIER = FinTrackPro.FinTrackProTests;
				PRODUCT_NAME = "$(TARGET_NAME)";
				SWIFT_EMIT_LOC_STRINGS = NO;
				SWIFT_VERSION = 5.0;
				TARGETED_DEVICE_FAMILY = "1,2";
				TEST_HOST = "$(BUILT_PRODUCTS_DIR)/FinTrackPro.app/$(BUNDLE_EXECUTABLE_FOLDER_PATH)/FinTrackPro";
			};
			name = Release;
		};
		6D6C37F32C9FEB1A00490B37 /* Debug */ = {
			isa = XCBuildConfiguration;
			buildSettings = {
				ALWAYS_EMBED_SWIFT_STANDARD_LIBRARIES = YES;
				CODE_SIGN_STYLE = Automatic;
				CURRENT_PROJECT_VERSION = 1;
				GENERATE_INFOPLIST_FILE = YES;
				MARKETING_VERSION = 1.0;
				PRODUCT_BUNDLE_IDENTIFIER = FinTrackPro.FinTrackProUITests;
				PRODUCT_NAME = "$(TARGET_NAME)";
				SWIFT_EMIT_LOC_STRINGS = NO;
				SWIFT_VERSION = 5.0;
				TARGETED_DEVICE_FAMILY = "1,2";
				TEST_TARGET_NAME = FinTrackPro;
			};
			name = Debug;
		};
		6D6C37F42C9FEB1A00490B37 /* Release */ = {
			isa = XCBuildConfiguration;
			buildSettings = {
				ALWAYS_EMBED_SWIFT_STANDARD_LIBRARIES = YES;
				CODE_SIGN_STYLE = Automatic;
				CURRENT_PROJECT_VERSION = 1;
				GENERATE_INFOPLIST_FILE = YES;
				MARKETING_VERSION = 1.0;
				PRODUCT_BUNDLE_IDENTIFIER = FinTrackPro.FinTrackProUITests;
				PRODUCT_NAME = "$(TARGET_NAME)";
				SWIFT_EMIT_LOC_STRINGS = NO;
				SWIFT_VERSION = 5.0;
				TARGETED_DEVICE_FAMILY = "1,2";
				TEST_TARGET_NAME = FinTrackPro;
			};
			name = Release;
		};
/* End XCBuildConfiguration section */

/* Begin XCConfigurationList section */
		6D6C37C12C9FEB1800490B37 /* Build configuration list for PBXProject "FinTrackPro" */ = {
			isa = XCConfigurationList;
			buildConfigurations = (
				6D6C37EA2C9FEB1A00490B37 /* Debug */,
				6D6C37EB2C9FEB1A00490B37 /* Release */,
			);
			defaultConfigurationIsVisible = 0;
			defaultConfigurationName = Release;
		};
		6D6C37EC2C9FEB1A00490B37 /* Build configuration list for PBXNativeTarget "FinTrackPro" */ = {
			isa = XCConfigurationList;
			buildConfigurations = (
				6D6C37ED2C9FEB1A00490B37 /* Debug */,
				6D6C37EE2C9FEB1A00490B37 /* Release */,
			);
			defaultConfigurationIsVisible = 0;
			defaultConfigurationName = Release;
		};
		6D6C37EF2C9FEB1A00490B37 /* Build configuration list for PBXNativeTarget "FinTrackProTests" */ = {
			isa = XCConfigurationList;
			buildConfigurations = (
				6D6C37F02C9FEB1A00490B37 /* Debug */,
				6D6C37F12C9FEB1A00490B37 /* Release */,
			);
			defaultConfigurationIsVisible = 0;
			defaultConfigurationName = Release;
		};
		6D6C37F22C9FEB1A00490B37 /* Build configuration list for PBXNativeTarget "FinTrackProUITests" */ = {
			isa = XCConfigurationList;
			buildConfigurations = (
				6D6C37F32C9FEB1A00490B37 /* Debug */,
				6D6C37F42C9FEB1A00490B37 /* Release */,
			);
			defaultConfigurationIsVisible = 0;
			defaultConfigurationName = Release;
		};
/* End XCConfigurationList section */

/* Begin XCRemoteSwiftPackageReference section */
		6D52A01B2CA13A840022BBFB /* XCRemoteSwiftPackageReference "RxSwift" */ = {
			isa = XCRemoteSwiftPackageReference;
			repositoryURL = "https://github.com/ReactiveX/RxSwift.git";
			requirement = {
				kind = exactVersion;
				version = 6.5.0;
			};
		};
		6D5E6E2A2CA11FF40016877B /* XCRemoteSwiftPackageReference "Alamofire" */ = {
			isa = XCRemoteSwiftPackageReference;
			repositoryURL = "https://github.com/Alamofire/Alamofire.git";
			requirement = {
				kind = exactVersion;
				version = 5.6.4;
			};
		};
		6D5E6E2D2CA120B40016877B /* XCRemoteSwiftPackageReference "SwiftyJSON" */ = {
			isa = XCRemoteSwiftPackageReference;
			repositoryURL = "https://github.com/SwiftyJSON/SwiftyJSON.git";
			requirement = {
				kind = exactVersion;
				version = 5.0.1;
			};
		};
		6D5E6E302CA121D60016877B /* XCRemoteSwiftPackageReference "Kingfisher" */ = {
			isa = XCRemoteSwiftPackageReference;
			repositoryURL = "https://github.com/onevcat/Kingfisher.git";
			requirement = {
				kind = upToNextMajorVersion;
				minimumVersion = 7.8.0;
			};
		};
		6D5E6E332CA12BC10016877B /* XCRemoteSwiftPackageReference "lottie-ios" */ = {
			isa = XCRemoteSwiftPackageReference;
			repositoryURL = "https://github.com/airbnb/lottie-ios.git";
			requirement = {
				kind = exactVersion;
				version = 4.1.0;
			};
		};
		6D5E6E362CA12DAE0016877B /* XCRemoteSwiftPackageReference "realm-swift" */ = {
			isa = XCRemoteSwiftPackageReference;
			repositoryURL = "https://github.com/realm/realm-swift.git";
			requirement = {
				kind = exactVersion;
				version = 10.40.2;
			};
		};
		6D809CE42CA3C59F00071AA4 /* XCRemoteSwiftPackageReference "swift-format" */ = {
			isa = XCRemoteSwiftPackageReference;
			repositoryURL = "https://github.com/swiftlang/swift-format.git";
			requirement = {
				kind = upToNextMajorVersion;
				minimumVersion = 600.0.0;
			};
		};
		6DE9B5B92CA4C6EE00BD39E1 /* XCRemoteSwiftPackageReference "firebase-ios-sdk" */ = {
			isa = XCRemoteSwiftPackageReference;
			repositoryURL = "https://github.com/firebase/firebase-ios-sdk.git";
			requirement = {
				kind = upToNextMajorVersion;
				minimumVersion = 11.2.0;
			};
		};
/* End XCRemoteSwiftPackageReference section */

/* Begin XCSwiftPackageProductDependency section */
		6D52A01C2CA13A840022BBFB /* RxBlocking */ = {
			isa = XCSwiftPackageProductDependency;
			package = 6D52A01B2CA13A840022BBFB /* XCRemoteSwiftPackageReference "RxSwift" */;
			productName = RxBlocking;
		};
		6D52A01E2CA13A840022BBFB /* RxBlocking-Dynamic */ = {
			isa = XCSwiftPackageProductDependency;
			package = 6D52A01B2CA13A840022BBFB /* XCRemoteSwiftPackageReference "RxSwift" */;
			productName = "RxBlocking-Dynamic";
		};
		6D52A0202CA13A840022BBFB /* RxCocoa */ = {
			isa = XCSwiftPackageProductDependency;
			package = 6D52A01B2CA13A840022BBFB /* XCRemoteSwiftPackageReference "RxSwift" */;
			productName = RxCocoa;
		};
		6D52A0222CA13A840022BBFB /* RxCocoa-Dynamic */ = {
			isa = XCSwiftPackageProductDependency;
			package = 6D52A01B2CA13A840022BBFB /* XCRemoteSwiftPackageReference "RxSwift" */;
			productName = "RxCocoa-Dynamic";
		};
		6D52A0242CA13A840022BBFB /* RxRelay */ = {
			isa = XCSwiftPackageProductDependency;
			package = 6D52A01B2CA13A840022BBFB /* XCRemoteSwiftPackageReference "RxSwift" */;
			productName = RxRelay;
		};
		6D52A0262CA13A840022BBFB /* RxRelay-Dynamic */ = {
			isa = XCSwiftPackageProductDependency;
			package = 6D52A01B2CA13A840022BBFB /* XCRemoteSwiftPackageReference "RxSwift" */;
			productName = "RxRelay-Dynamic";
		};
		6D52A0282CA13A840022BBFB /* RxSwift */ = {
			isa = XCSwiftPackageProductDependency;
			package = 6D52A01B2CA13A840022BBFB /* XCRemoteSwiftPackageReference "RxSwift" */;
			productName = RxSwift;
		};
		6D52A02A2CA13A840022BBFB /* RxSwift-Dynamic */ = {
			isa = XCSwiftPackageProductDependency;
			package = 6D52A01B2CA13A840022BBFB /* XCRemoteSwiftPackageReference "RxSwift" */;
			productName = "RxSwift-Dynamic";
		};
		6D52A02C2CA13A840022BBFB /* RxTest */ = {
			isa = XCSwiftPackageProductDependency;
			package = 6D52A01B2CA13A840022BBFB /* XCRemoteSwiftPackageReference "RxSwift" */;
			productName = RxTest;
		};
		6D52A02E2CA13A840022BBFB /* RxTest-Dynamic */ = {
			isa = XCSwiftPackageProductDependency;
			package = 6D52A01B2CA13A840022BBFB /* XCRemoteSwiftPackageReference "RxSwift" */;
			productName = "RxTest-Dynamic";
		};
		6D5E6E2B2CA11FF40016877B /* Alamofire */ = {
			isa = XCSwiftPackageProductDependency;
			package = 6D5E6E2A2CA11FF40016877B /* XCRemoteSwiftPackageReference "Alamofire" */;
			productName = Alamofire;
		};
		6D5E6E2E2CA120B50016877B /* SwiftyJSON */ = {
			isa = XCSwiftPackageProductDependency;
			package = 6D5E6E2D2CA120B40016877B /* XCRemoteSwiftPackageReference "SwiftyJSON" */;
			productName = SwiftyJSON;
		};
		6D5E6E312CA121D60016877B /* Kingfisher */ = {
			isa = XCSwiftPackageProductDependency;
			package = 6D5E6E302CA121D60016877B /* XCRemoteSwiftPackageReference "Kingfisher" */;
			productName = Kingfisher;
		};
		6D5E6E342CA12BC10016877B /* Lottie */ = {
			isa = XCSwiftPackageProductDependency;
			package = 6D5E6E332CA12BC10016877B /* XCRemoteSwiftPackageReference "lottie-ios" */;
			productName = Lottie;
		};
		6D5E6E372CA12DAE0016877B /* Realm */ = {
			isa = XCSwiftPackageProductDependency;
			package = 6D5E6E362CA12DAE0016877B /* XCRemoteSwiftPackageReference "realm-swift" */;
			productName = Realm;
		};
		6D5E6E392CA12DAE0016877B /* RealmSwift */ = {
			isa = XCSwiftPackageProductDependency;
			package = 6D5E6E362CA12DAE0016877B /* XCRemoteSwiftPackageReference "realm-swift" */;
			productName = RealmSwift;
		};
		6D809CE52CA3C59F00071AA4 /* SwiftFormat */ = {
			isa = XCSwiftPackageProductDependency;
			package = 6D809CE42CA3C59F00071AA4 /* XCRemoteSwiftPackageReference "swift-format" */;
			productName = SwiftFormat;
		};
		6D809CE72CA3C59F00071AA4 /* swift-format */ = {
			isa = XCSwiftPackageProductDependency;
			package = 6D809CE42CA3C59F00071AA4 /* XCRemoteSwiftPackageReference "swift-format" */;
			productName = "swift-format";
		};
		6DE9B5BA2CA4C6EE00BD39E1 /* FirebaseAnalytics */ = {
			isa = XCSwiftPackageProductDependency;
			package = 6DE9B5B92CA4C6EE00BD39E1 /* XCRemoteSwiftPackageReference "firebase-ios-sdk" */;
			productName = FirebaseAnalytics;
		};
		6DE9B5BC2CA4C6EE00BD39E1 /* FirebaseAnalyticsOnDeviceConversion */ = {
			isa = XCSwiftPackageProductDependency;
			package = 6DE9B5B92CA4C6EE00BD39E1 /* XCRemoteSwiftPackageReference "firebase-ios-sdk" */;
			productName = FirebaseAnalyticsOnDeviceConversion;
		};
		6DE9B5BE2CA4C6EE00BD39E1 /* FirebaseAuth */ = {
			isa = XCSwiftPackageProductDependency;
			package = 6DE9B5B92CA4C6EE00BD39E1 /* XCRemoteSwiftPackageReference "firebase-ios-sdk" */;
			productName = FirebaseAuth;
		};
		6DE9B5C02CA4C6EE00BD39E1 /* FirebaseAuthCombine-Community */ = {
			isa = XCSwiftPackageProductDependency;
			package = 6DE9B5B92CA4C6EE00BD39E1 /* XCRemoteSwiftPackageReference "firebase-ios-sdk" */;
			productName = "FirebaseAuthCombine-Community";
		};
		6DE9B5C22CA4C6EE00BD39E1 /* FirebaseCrashlytics */ = {
			isa = XCSwiftPackageProductDependency;
			package = 6DE9B5B92CA4C6EE00BD39E1 /* XCRemoteSwiftPackageReference "firebase-ios-sdk" */;
			productName = FirebaseCrashlytics;
		};
/* End XCSwiftPackageProductDependency section */
	};
	rootObject = 6D6C37BE2C9FEB1800490B37 /* Project object */;
}
